<Solution>
  <Folder Name="/.SolutionItems/">
    <File Path=".dockerignore" />
    <File Path="default.env" />
    <File Path="docker-compose.yml" />
  </Folder>
  <Folder Name="/.SolutionItems/Documentation/">
    <File Path="documentation/cms-roadmap.md" />
  </Folder>
  <Folder Name="/Applications/">
    <Project Path="applications/Asreyion.Server/Asreyion.Server.csproj" Id="198f0bd9-588a-489d-a4ff-9b9af5f28e88" />
  </Folder>
  <Folder Name="/Source/">
    <Project Path="source/Asreyion.Core/Asreyion.Core.shproj" Id="638b0180-3bdc-4480-b6d5-eea6f57c7e55" />
  </Folder>
</Solution>
